<?xml version="1.0" encoding="utf-8"?>
<Project ToolsVersion="4.0" xmlns="http://schemas.microsoft.com/developer/msbuild/2003">
  <ItemGroup>
    <Filter Include="src">
      <UniqueIdentifier>{c9e39322-aa31-453f-aa64-609b1e9dd4e6}</UniqueIdentifier>
    </Filter>
    <Filter Include="include">
      <UniqueIdentifier>{afa733b5-715a-49e4-94a2-5a372ec61966}</UniqueIdentifier>
    </Filter>
    <Filter Include="res\textures">
      <UniqueIdentifier>{497fee91-011b-4db1-ae13-1165932cda9f}</UniqueIdentifier>
    </Filter>
    <Filter Include="res">
      <UniqueIdentifier>{90ed4206-6bbe-4ed1-8170-623a0e06ed36}</UniqueIdentifier>
    </Filter>
    <Filter Include="res\shaders">
      <UniqueIdentifier>{943709d6-463f-4b44-b854-8cc23bdd01a0}</UniqueIdentifier>
    </Filter>
  </ItemGroup>
  <ItemGroup>
    <ClCompile Include="src\camera.cpp">
      <Filter>src</Filter>
    </ClCompile>
    <ClCompile Include="src\main.cpp">
      <Filter>src</Filter>
    </ClCompile>
    <ClCompile Include="src\shader.cpp">
      <Filter>src</Filter>
    </ClCompile>
    <ClCompile Include="$(MSBuildThisFileDirectory)..\..\lib\native\src\lodepng.cpp" />
    <ClCompile Include="src\utilities.cpp" />
    <ClCompile Include="src\geometry\square.cpp" />
    <ClCompile Include="src\geometry\mesh.cpp" />
    <ClCompile Include="src\geometry\sphere.cpp" />
    <ClCompile Include="src\buffer.cpp" />
  </ItemGroup>
  <ItemGroup>
    <ClInclude Include="include\camera.hpp">
      <Filter>include</Filter>
    </ClInclude>
    <ClInclude Include="include\shader.hpp">
      <Filter>include</Filter>
    </ClInclude>
    <ClInclude Include="include\utilities.hpp" />
    <ClInclude Include="lib\tinyobjloader\include\tiny_obj_loader.h" />
    <ClInclude Include="include\geometry\shape.hpp" />
    <ClInclude Include="include\geometry\square.hpp" />
    <ClInclude Include="include\geometry\mesh.hpp" />
    <ClInclude Include="include\geometry\sphere.hpp" />
    <ClInclude Include="include\buffer.hpp" />
  </ItemGroup>
  <ItemGroup>
    <Image Include="res\textures\square.png">
      <Filter>res\textures</Filter>
    </Image>
  </ItemGroup>
  <ItemGroup>
    <None Include="packages.config" />
    <None Include=".gitignore" />
    <None Include="res\shaders\phong\fragment.glsl">
      <Filter>res\shaders</Filter>
    </None>
    <None Include="res\shaders\phong\vertex.glsl">
      <Filter>res\shaders</Filter>
    </None>
    <None Include="res\shaders\blinn\fragment.glsl" />
    <None Include="res\shaders\blinn\vertex.glsl" />
  </ItemGroup>
  <ItemGroup>
    <Object Include="res\models\cube.obj" />
    <Object Include="res\models\teapot.obj" />
  </ItemGroup>
</Project>