<?xml version="1.0" encoding="utf-8"?>
<Project ToolsVersion="4.0" xmlns="http://schemas.microsoft.com/developer/msbuild/2003">
  <ItemGroup>
    <Filter Include="src">
      <UniqueIdentifier>{42c75ff6-7f4f-4d69-9fd3-13f3d14e0997}</UniqueIdentifier>
    </Filter>
    <Filter Include="src\math">
      <UniqueIdentifier>{b80f2618-3a86-45ce-8155-373eac3c440d}</UniqueIdentifier>
    </Filter>
    <Filter Include="src\input">
      <UniqueIdentifier>{0b4f0267-1dcf-482f-9a22-956fb22136e2}</UniqueIdentifier>
    </Filter>
    <Filter Include="src\scene">
      <UniqueIdentifier>{97fd33f1-3739-44a1-859d-8f9d82e5c07f}</UniqueIdentifier>
    </Filter>
    <Filter Include="src\engine">
      <UniqueIdentifier>{9fbd3f8a-7a83-4502-93a0-481e10097a26}</UniqueIdentifier>
    </Filter>
    <Filter Include="src\geometry">
      <UniqueIdentifier>{11845cb4-f560-4dea-900b-f0a5f036f0ef}</UniqueIdentifier>
    </Filter>
    <Filter Include="src\application">
      <UniqueIdentifier>{8fc7e5b6-7667-4f3a-a659-8e26614667c1}</UniqueIdentifier>
    </Filter>
    <Filter Include="src\illumination">
      <UniqueIdentifier>{461899b5-3222-42e9-a84e-208036515eca}</UniqueIdentifier>
    </Filter>
    <Filter Include="include">
      <UniqueIdentifier>{f34e27f8-9eb9-4091-813b-ce505854a8c8}</UniqueIdentifier>
    </Filter>
    <Filter Include="include\math">
      <UniqueIdentifier>{43674a30-0e9a-4b0b-b92b-a32868b800af}</UniqueIdentifier>
    </Filter>
    <Filter Include="include\input">
      <UniqueIdentifier>{f6022a37-43df-423b-9f14-9e5fe18307c5}</UniqueIdentifier>
    </Filter>
    <Filter Include="include\scene">
      <UniqueIdentifier>{f365ef6a-f26e-4afa-a90c-5478dd562d72}</UniqueIdentifier>
    </Filter>
    <Filter Include="include\engine">
      <UniqueIdentifier>{3f1fa80e-bc78-47b5-bde3-730f6953d145}</UniqueIdentifier>
    </Filter>
    <Filter Include="include\geometry">
      <UniqueIdentifier>{7521710c-0c46-43b4-b057-57d995d63587}</UniqueIdentifier>
    </Filter>
    <Filter Include="include\application">
      <UniqueIdentifier>{f9566f80-a56a-4400-b704-03013a3effdb}</UniqueIdentifier>
    </Filter>
    <Filter Include="include\illumination">
      <UniqueIdentifier>{c1fd2814-bdba-4615-ac73-d9df5a16ae96}</UniqueIdentifier>
    </Filter>
    <Filter Include="src\particle">
      <UniqueIdentifier>{9e78fc27-c0f6-43e9-a50b-dffd2fab0a7e}</UniqueIdentifier>
    </Filter>
    <Filter Include="include\particle">
      <UniqueIdentifier>{ae9c1147-8790-4f7b-a3a2-dd23b8403e32}</UniqueIdentifier>
    </Filter>
  </ItemGroup>
  <ItemGroup>
    <ClCompile Include="src\camera.cpp">
      <Filter>src</Filter>
    </ClCompile>
    <ClCompile Include="src\utilities.cpp">
      <Filter>src</Filter>
    </ClCompile>
    <ClCompile Include="src\math\constants.cpp">
      <Filter>src\math</Filter>
    </ClCompile>
    <ClCompile Include="src\math\epsilon.cpp">
      <Filter>src\math</Filter>
    </ClCompile>
    <ClCompile Include="src\math\matrix.cpp">
      <Filter>src\math</Filter>
    </ClCompile>
    <ClCompile Include="src\math\revolution.cpp">
      <Filter>src\math</Filter>
    </ClCompile>
    <ClCompile Include="src\input\events.cpp">
      <Filter>src\input</Filter>
    </ClCompile>
    <ClCompile Include="src\input\keyboard.cpp">
      <Filter>src\input</Filter>
    </ClCompile>
    <ClCompile Include="src\input\mouse.cpp">
      <Filter>src\input</Filter>
    </ClCompile>
    <ClCompile Include="src\scene\scene.cpp">
      <Filter>src\scene</Filter>
    </ClCompile>
    <ClCompile Include="src\scene\scene_object.cpp">
      <Filter>src\scene</Filter>
    </ClCompile>
    <ClCompile Include="src\scene\scene_shape.cpp">
      <Filter>src\scene</Filter>
    </ClCompile>
    <ClCompile Include="src\engine\buffer.cpp">
      <Filter>src\engine</Filter>
    </ClCompile>
    <ClCompile Include="src\engine\shader.cpp">
      <Filter>src\engine</Filter>
    </ClCompile>
    <ClCompile Include="src\geometry\line.cpp">
      <Filter>src\geometry</Filter>
    </ClCompile>
    <ClCompile Include="src\geometry\mesh.cpp">
      <Filter>src\geometry</Filter>
    </ClCompile>
    <ClCompile Include="src\geometry\point.cpp">
      <Filter>src\geometry</Filter>
    </ClCompile>
    <ClCompile Include="src\geometry\sphere.cpp">
      <Filter>src\geometry</Filter>
    </ClCompile>
    <ClCompile Include="src\geometry\square.cpp">
      <Filter>src\geometry</Filter>
    </ClCompile>
    <ClCompile Include="src\application\application.cpp">
      <Filter>src\application</Filter>
    </ClCompile>
    <ClCompile Include="src\illumination\directional_light.cpp">
      <Filter>src\illumination</Filter>
    </ClCompile>
    <ClCompile Include="src\illumination\lighting.cpp">
      <Filter>src\illumination</Filter>
    </ClCompile>
    <ClCompile Include="src\illumination\point_light.cpp">
      <Filter>src\illumination</Filter>
    </ClCompile>
    <ClCompile Include="src\illumination\spotlight.cpp">
      <Filter>src\illumination</Filter>
    </ClCompile>
    <ClCompile Include="src\math\bezier.cpp">
      <Filter>src\math</Filter>
    </ClCompile>
    <ClCompile Include="src\math\functions.cpp">
      <Filter>src\math</Filter>
    </ClCompile>
    <ClCompile Include="src\geometry\curve.cpp">
      <Filter>src\geometry</Filter>
    </ClCompile>
    <ClCompile Include="include\engine\shader_controller.cpp">
      <Filter>src\engine</Filter>
    </ClCompile>
  </ItemGroup>
  <ItemGroup>
    <ClInclude Include="include\camera.hpp">
      <Filter>include</Filter>
    </ClInclude>
    <ClInclude Include="include\utilities.hpp">
      <Filter>include</Filter>
    </ClInclude>
    <ClInclude Include="include\math\constants.hpp">
      <Filter>include\math</Filter>
    </ClInclude>
    <ClInclude Include="include\math\epsilon.hpp">
      <Filter>include\math</Filter>
    </ClInclude>
    <ClInclude Include="include\math\matrix.hpp">
      <Filter>include\math</Filter>
    </ClInclude>
    <ClInclude Include="include\math\revolution.hpp">
      <Filter>include\math</Filter>
    </ClInclude>
    <ClInclude Include="include\input\events.hpp">
      <Filter>include\input</Filter>
    </ClInclude>
    <ClInclude Include="include\input\keyboard.hpp">
      <Filter>include\input</Filter>
    </ClInclude>
    <ClInclude Include="include\input\mouse.hpp">
      <Filter>include\input</Filter>
    </ClInclude>
    <ClInclude Include="include\scene\scene.hpp">
      <Filter>include\scene</Filter>
    </ClInclude>
    <ClInclude Include="include\scene\scene_object.hpp">
      <Filter>include\scene</Filter>
    </ClInclude>
    <ClInclude Include="include\scene\scene_shape.hpp">
      <Filter>include\scene</Filter>
    </ClInclude>
    <ClInclude Include="include\engine\buffer.hpp">
      <Filter>include\engine</Filter>
    </ClInclude>
    <ClInclude Include="include\engine\shader.hpp">
      <Filter>include\engine</Filter>
    </ClInclude>
    <ClInclude Include="include\geometry\line.hpp">
      <Filter>include\geometry</Filter>
    </ClInclude>
    <ClInclude Include="include\geometry\mesh.hpp">
      <Filter>include\geometry</Filter>
    </ClInclude>
    <ClInclude Include="include\geometry\point.hpp">
      <Filter>include\geometry</Filter>
    </ClInclude>
    <ClInclude Include="include\geometry\shape.hpp">
      <Filter>include\geometry</Filter>
    </ClInclude>
    <ClInclude Include="include\geometry\sphere.hpp">
      <Filter>include\geometry</Filter>
    </ClInclude>
    <ClInclude Include="include\geometry\square.hpp">
      <Filter>include\geometry</Filter>
    </ClInclude>
    <ClInclude Include="include\application\application.hpp">
      <Filter>include\application</Filter>
    </ClInclude>
    <ClInclude Include="include\illumination\directional_light.hpp">
      <Filter>include\illumination</Filter>
    </ClInclude>
    <ClInclude Include="include\illumination\lighting.hpp">
      <Filter>include\illumination</Filter>
    </ClInclude>
    <ClInclude Include="include\illumination\light_type.hpp">
      <Filter>include\illumination</Filter>
    </ClInclude>
    <ClInclude Include="include\illumination\point_light.hpp">
      <Filter>include\illumination</Filter>
    </ClInclude>
    <ClInclude Include="include\illumination\spotlight.hpp">
      <Filter>include\illumination</Filter>
    </ClInclude>
    <ClInclude Include="include\math\bezier.hpp">
      <Filter>include\math</Filter>
    </ClInclude>
    <ClInclude Include="include\math\functions.hpp">
      <Filter>include\math</Filter>
    </ClInclude>
    <ClInclude Include="include\geometry\curve.hpp">
      <Filter>include\geometry</Filter>
    </ClInclude>
    <ClInclude Include="include\particle\emitter.hpp">
      <Filter>include\particle</Filter>
    </ClInclude>
    <ClInclude Include="include\engine\shader_controller.hpp">
      <Filter>include\engine</Filter>
    </ClInclude>
  </ItemGroup>
  <ItemGroup>
    <None Include="packages.config" />
  </ItemGroup>
</Project>